
Microsoft Visual Studio Solution File, Format Version 12.00
# Visual Studio Version 17
VisualStudioVersion = 17.3.32929.385
MinimumVisualStudioVersion = 10.0.40219.1
Project("{FAE04EC0-301F-11D3-BF4B-00C04F79EFBC}") = "WPFLayer", "WPFLayer\WPFLayer.csproj", "{869C0CD0-C61A-4167-97CF-B044FACE360D}"
EndProject
Project("{2150E333-8FDC-42A3-9474-1A3956D46DE8}") = "ClientSide", "ClientSide", "{8767580E-8858-4CD4-9DB7-88D8790E94D7}"
EndProject
Project("{2150E333-8FDC-42A3-9474-1A3956D46DE8}") = "ServerSide", "ServerSide", "{BFC36F47-606C-411F-B97A-F6E1F322E4F3}"
EndProject
Project("{FAE04EC0-301F-11D3-BF4B-00C04F79EFBC}") = "GameEngine", "GameEngine\GameEngine.csproj", "{B9DD2CD2-2306-407E-B7B5-5BADFA4F248D}"
EndProject
Project("{FAE04EC0-301F-11D3-BF4B-00C04F79EFBC}") = "Security", "Security\Security.csproj", "{582A1F29-18B4-41AD-8974-F218729EF079}"
EndProject
Project("{FAE04EC0-301F-11D3-BF4B-00C04F79EFBC}") = "Validation", "Validation\Validation.csproj", "{69C25A37-3367-48A4-B91C-2C5BE423FD6F}"
EndProject
Project("{FAE04EC0-301F-11D3-BF4B-00C04F79EFBC}") = "Host", "Host\Host.csproj", "{91AB2543-7409-4DD8-B5A1-A1E23F9D3B83}"
EndProject
Project("{FAE04EC0-301F-11D3-BF4B-00C04F79EFBC}") = "BusinessLogic", "BusinessLogic\BusinessLogic.csproj", "{428405CE-238A-4791-B6AA-12CEED42CD55}"
EndProject
Project("{FAE04EC0-301F-11D3-BF4B-00C04F79EFBC}") = "Domain", "Domain\Domain.csproj", "{08545FB2-C9B7-49E2-A6CC-4DDD4FF43607}"
EndProject
Project("{FAE04EC0-301F-11D3-BF4B-00C04F79EFBC}") = "Services", "Services\Services.csproj", "{CB149365-F43C-4E20-B53A-380EEE85DFE3}"
EndProject
Project("{FAE04EC0-301F-11D3-BF4B-00C04F79EFBC}") = "BusinessServices", "BusinessServices\BusinessServices.csproj", "{29900545-3AC6-4DA8-9833-1D43C51D1FD1}"
EndProject
Global
	GlobalSection(SolutionConfigurationPlatforms) = preSolution
		Debug|Any CPU = Debug|Any CPU
		Release|Any CPU = Release|Any CPU
	EndGlobalSection
	GlobalSection(ProjectConfigurationPlatforms) = postSolution
		{869C0CD0-C61A-4167-97CF-B044FACE360D}.Debug|Any CPU.ActiveCfg = Debug|Any CPU
		{869C0CD0-C61A-4167-97CF-B044FACE360D}.Debug|Any CPU.Build.0 = Debug|Any CPU
		{869C0CD0-C61A-4167-97CF-B044FACE360D}.Release|Any CPU.ActiveCfg = Release|Any CPU
		{869C0CD0-C61A-4167-97CF-B044FACE360D}.Release|Any CPU.Build.0 = Release|Any CPU
		{B9DD2CD2-2306-407E-B7B5-5BADFA4F248D}.Debug|Any CPU.ActiveCfg = Debug|Any CPU
		{B9DD2CD2-2306-407E-B7B5-5BADFA4F248D}.Debug|Any CPU.Build.0 = Debug|Any CPU
		{B9DD2CD2-2306-407E-B7B5-5BADFA4F248D}.Release|Any CPU.ActiveCfg = Release|Any CPU
		{B9DD2CD2-2306-407E-B7B5-5BADFA4F248D}.Release|Any CPU.Build.0 = Release|Any CPU
		{582A1F29-18B4-41AD-8974-F218729EF079}.Debug|Any CPU.ActiveCfg = Debug|Any CPU
		{582A1F29-18B4-41AD-8974-F218729EF079}.Debug|Any CPU.Build.0 = Debug|Any CPU
		{582A1F29-18B4-41AD-8974-F218729EF079}.Release|Any CPU.ActiveCfg = Release|Any CPU
		{582A1F29-18B4-41AD-8974-F218729EF079}.Release|Any CPU.Build.0 = Release|Any CPU
		{69C25A37-3367-48A4-B91C-2C5BE423FD6F}.Debug|Any CPU.ActiveCfg = Debug|Any CPU
		{69C25A37-3367-48A4-B91C-2C5BE423FD6F}.Debug|Any CPU.Build.0 = Debug|Any CPU
		{69C25A37-3367-48A4-B91C-2C5BE423FD6F}.Release|Any CPU.ActiveCfg = Release|Any CPU
		{69C25A37-3367-48A4-B91C-2C5BE423FD6F}.Release|Any CPU.Build.0 = Release|Any CPU
		{91AB2543-7409-4DD8-B5A1-A1E23F9D3B83}.Debug|Any CPU.ActiveCfg = Debug|Any CPU
		{91AB2543-7409-4DD8-B5A1-A1E23F9D3B83}.Debug|Any CPU.Build.0 = Debug|Any CPU
		{91AB2543-7409-4DD8-B5A1-A1E23F9D3B83}.Release|Any CPU.ActiveCfg = Release|Any CPU
		{91AB2543-7409-4DD8-B5A1-A1E23F9D3B83}.Release|Any CPU.Build.0 = Release|Any CPU
		{428405CE-238A-4791-B6AA-12CEED42CD55}.Debug|Any CPU.ActiveCfg = Debug|Any CPU
		{428405CE-238A-4791-B6AA-12CEED42CD55}.Debug|Any CPU.Build.0 = Debug|Any CPU
		{428405CE-238A-4791-B6AA-12CEED42CD55}.Release|Any CPU.ActiveCfg = Release|Any CPU
		{428405CE-238A-4791-B6AA-12CEED42CD55}.Release|Any CPU.Build.0 = Release|Any CPU
		{08545FB2-C9B7-49E2-A6CC-4DDD4FF43607}.Debug|Any CPU.ActiveCfg = Debug|Any CPU
		{08545FB2-C9B7-49E2-A6CC-4DDD4FF43607}.Debug|Any CPU.Build.0 = Debug|Any CPU
		{08545FB2-C9B7-49E2-A6CC-4DDD4FF43607}.Release|Any CPU.ActiveCfg = Release|Any CPU
		{08545FB2-C9B7-49E2-A6CC-4DDD4FF43607}.Release|Any CPU.Build.0 = Release|Any CPU
		{CB149365-F43C-4E20-B53A-380EEE85DFE3}.Debug|Any CPU.ActiveCfg = Debug|Any CPU
		{CB149365-F43C-4E20-B53A-380EEE85DFE3}.Debug|Any CPU.Build.0 = Debug|Any CPU
		{CB149365-F43C-4E20-B53A-380EEE85DFE3}.Release|Any CPU.ActiveCfg = Release|Any CPU
		{CB149365-F43C-4E20-B53A-380EEE85DFE3}.Release|Any CPU.Build.0 = Release|Any CPU
		{29900545-3AC6-4DA8-9833-1D43C51D1FD1}.Debug|Any CPU.ActiveCfg = Debug|Any CPU
		{29900545-3AC6-4DA8-9833-1D43C51D1FD1}.Debug|Any CPU.Build.0 = Debug|Any CPU
		{29900545-3AC6-4DA8-9833-1D43C51D1FD1}.Release|Any CPU.ActiveCfg = Release|Any CPU
		{29900545-3AC6-4DA8-9833-1D43C51D1FD1}.Release|Any CPU.Build.0 = Release|Any CPU
	EndGlobalSection
	GlobalSection(SolutionProperties) = preSolution
		HideSolutionNode = FALSE
	EndGlobalSection
	GlobalSection(NestedProjects) = preSolution
		{869C0CD0-C61A-4167-97CF-B044FACE360D} = {8767580E-8858-4CD4-9DB7-88D8790E94D7}
		{B9DD2CD2-2306-407E-B7B5-5BADFA4F248D} = {8767580E-8858-4CD4-9DB7-88D8790E94D7}
		{582A1F29-18B4-41AD-8974-F218729EF079} = {8767580E-8858-4CD4-9DB7-88D8790E94D7}
		{69C25A37-3367-48A4-B91C-2C5BE423FD6F} = {8767580E-8858-4CD4-9DB7-88D8790E94D7}
		{91AB2543-7409-4DD8-B5A1-A1E23F9D3B83} = {BFC36F47-606C-411F-B97A-F6E1F322E4F3}
		{428405CE-238A-4791-B6AA-12CEED42CD55} = {BFC36F47-606C-411F-B97A-F6E1F322E4F3}
		{08545FB2-C9B7-49E2-A6CC-4DDD4FF43607} = {BFC36F47-606C-411F-B97A-F6E1F322E4F3}
		{CB149365-F43C-4E20-B53A-380EEE85DFE3} = {BFC36F47-606C-411F-B97A-F6E1F322E4F3}
		{29900545-3AC6-4DA8-9833-1D43C51D1FD1} = {BFC36F47-606C-411F-B97A-F6E1F322E4F3}
	EndGlobalSection
	GlobalSection(ExtensibilityGlobals) = postSolution
		SolutionGuid = {0D5C87E3-DDF1-41B2-9C3A-B38DBCEE541F}
	EndGlobalSection
EndGlobal
